// !$*UTF8*$!
{
	archiveVersion = 1;
	classes = {
	};
	objectVersion = 46;
	objects = {

/* Begin PBXBuildFile section */
		7F8FD14D1FC5CA17001F2451 /* AppDelegate.swift in Sources */ = {isa = PBXBuildFile; fileRef = 7F8FD14C1FC5CA17001F2451 /* AppDelegate.swift */; };
		7F8FD14F1FC5CA17001F2451 /* ViewController.swift in Sources */ = {isa = PBXBuildFile; fileRef = 7F8FD14E1FC5CA17001F2451 /* ViewController.swift */; };
		7F8FD1521FC5CA17001F2451 /* Main.storyboard in Resources */ = {isa = PBXBuildFile; fileRef = 7F8FD1501FC5CA17001F2451 /* Main.storyboard */; };
		7F8FD1541FC5CA17001F2451 /* Assets.xcassets in Resources */ = {isa = PBXBuildFile; fileRef = 7F8FD1531FC5CA17001F2451 /* Assets.xcassets */; };
		7F8FD1571FC5CA17001F2451 /* LaunchScreen.storyboard in Resources */ = {isa = PBXBuildFile; fileRef = 7F8FD1551FC5CA17001F2451 /* LaunchScreen.storyboard */; };
		7F8FD1621FC5CA17001F2451 /* BachToBackTests.swift in Sources */ = {isa = PBXBuildFile; fileRef = 7F8FD1611FC5CA17001F2451 /* BachToBackTests.swift */; };
		7F8FD16D1FC5CA17001F2451 /* BachToBackUITests.swift in Sources */ = {isa = PBXBuildFile; fileRef = 7F8FD16C1FC5CA17001F2451 /* BachToBackUITests.swift */; };
		7F8FD17F1FC5D549001F2451 /* Song.swift in Sources */ = {isa = PBXBuildFile; fileRef = 7F8FD17E1FC5D549001F2451 /* Song.swift */; };
		7FB74C4A1FCF590600319B95 /* SongTableViewController.swift in Sources */ = {isa = PBXBuildFile; fileRef = 7FB74C491FCF590600319B95 /* SongTableViewController.swift */; };
		7FB74C4C1FCF591800319B95 /* SongTableViewCell.swift in Sources */ = {isa = PBXBuildFile; fileRef = 7FB74C4B1FCF591800319B95 /* SongTableViewCell.swift */; };
		7FB74C561FCF6A0200319B95 /* fugue.mp3 in Resources */ = {isa = PBXBuildFile; fileRef = 7FB74C551FCF6A0200319B95 /* fugue.mp3 */; };
		7FB74C581FCF6A0800319B95 /* flight.mp3 in Resources */ = {isa = PBXBuildFile; fileRef = 7FB74C571FCF6A0800319B95 /* flight.mp3 */; };
		7FB74C5A1FCF6A0E00319B95 /* elise.mp3 in Resources */ = {isa = PBXBuildFile; fileRef = 7FB74C591FCF6A0E00319B95 /* elise.mp3 */; };
/* End PBXBuildFile section */

/* Begin PBXContainerItemProxy section */
		7F8FD15E1FC5CA17001F2451 /* PBXContainerItemProxy */ = {
			isa = PBXContainerItemProxy;
			containerPortal = 7F8FD1411FC5CA17001F2451 /* Project object */;
			proxyType = 1;
			remoteGlobalIDString = 7F8FD1481FC5CA17001F2451;
			remoteInfo = BachToBack;
		};
		7F8FD1691FC5CA17001F2451 /* PBXContainerItemProxy */ = {
			isa = PBXContainerItemProxy;
			containerPortal = 7F8FD1411FC5CA17001F2451 /* Project object */;
			proxyType = 1;
			remoteGlobalIDString = 7F8FD1481FC5CA17001F2451;
			remoteInfo = BachToBack;
		};
/* End PBXContainerItemProxy section */

/* Begin PBXFileReference section */
		7F8FD1491FC5CA17001F2451 /* BachToBack.app */ = {isa = PBXFileReference; explicitFileType = wrapper.application; includeInIndex = 0; path = BachToBack.app; sourceTree = BUILT_PRODUCTS_DIR; };
		7F8FD14C1FC5CA17001F2451 /* AppDelegate.swift */ = {isa = PBXFileReference; lastKnownFileType = sourcecode.swift; path = AppDelegate.swift; sourceTree = "<group>"; };
		7F8FD14E1FC5CA17001F2451 /* ViewController.swift */ = {isa = PBXFileReference; lastKnownFileType = sourcecode.swift; path = ViewController.swift; sourceTree = "<group>"; };
		7F8FD1511FC5CA17001F2451 /* Base */ = {isa = PBXFileReference; lastKnownFileType = file.storyboard; name = Base; path = Base.lproj/Main.storyboard; sourceTree = "<group>"; };
		7F8FD1531FC5CA17001F2451 /* Assets.xcassets */ = {isa = PBXFileReference; lastKnownFileType = folder.assetcatalog; path = Assets.xcassets; sourceTree = "<group>"; };
		7F8FD1561FC5CA17001F2451 /* Base */ = {isa = PBXFileReference; lastKnownFileType = file.storyboard; name = Base; path = Base.lproj/LaunchScreen.storyboard; sourceTree = "<group>"; };
		7F8FD1581FC5CA17001F2451 /* Info.plist */ = {isa = PBXFileReference; lastKnownFileType = text.plist.xml; path = Info.plist; sourceTree = "<group>"; };
		7F8FD15D1FC5CA17001F2451 /* BachToBackTests.xctest */ = {isa = PBXFileReference; explicitFileType = wrapper.cfbundle; includeInIndex = 0; path = BachToBackTests.xctest; sourceTree = BUILT_PRODUCTS_DIR; };
		7F8FD1611FC5CA17001F2451 /* BachToBackTests.swift */ = {isa = PBXFileReference; lastKnownFileType = sourcecode.swift; path = BachToBackTests.swift; sourceTree = "<group>"; };
		7F8FD1631FC5CA17001F2451 /* Info.plist */ = {isa = PBXFileReference; lastKnownFileType = text.plist.xml; path = Info.plist; sourceTree = "<group>"; };
		7F8FD1681FC5CA17001F2451 /* BachToBackUITests.xctest */ = {isa = PBXFileReference; explicitFileType = wrapper.cfbundle; includeInIndex = 0; path = BachToBackUITests.xctest; sourceTree = BUILT_PRODUCTS_DIR; };
		7F8FD16C1FC5CA17001F2451 /* BachToBackUITests.swift */ = {isa = PBXFileReference; lastKnownFileType = sourcecode.swift; path = BachToBackUITests.swift; sourceTree = "<group>"; };
		7F8FD16E1FC5CA17001F2451 /* Info.plist */ = {isa = PBXFileReference; lastKnownFileType = text.plist.xml; path = Info.plist; sourceTree = "<group>"; };
		7F8FD17E1FC5D549001F2451 /* Song.swift */ = {isa = PBXFileReference; fileEncoding = 4; lastKnownFileType = sourcecode.swift; path = Song.swift; sourceTree = "<group>"; };
		7FB74C491FCF590600319B95 /* SongTableViewController.swift */ = {isa = PBXFileReference; fileEncoding = 4; lastKnownFileType = sourcecode.swift; path = SongTableViewController.swift; sourceTree = "<group>"; };
		7FB74C4B1FCF591800319B95 /* SongTableViewCell.swift */ = {isa = PBXFileReference; fileEncoding = 4; lastKnownFileType = sourcecode.swift; path = SongTableViewCell.swift; sourceTree = "<group>"; };
		7FB74C551FCF6A0200319B95 /* fugue.mp3 */ = {isa = PBXFileReference; lastKnownFileType = audio.mp3; path = fugue.mp3; sourceTree = "<group>"; };
		7FB74C571FCF6A0800319B95 /* flight.mp3 */ = {isa = PBXFileReference; lastKnownFileType = audio.mp3; path = flight.mp3; sourceTree = "<group>"; };
		7FB74C591FCF6A0E00319B95 /* elise.mp3 */ = {isa = PBXFileReference; lastKnownFileType = audio.mp3; path = elise.mp3; sourceTree = "<group>"; };
/* End PBXFileReference section */

/* Begin PBXFrameworksBuildPhase section */
		7F8FD1461FC5CA17001F2451 /* Frameworks */ = {
			isa = PBXFrameworksBuildPhase;
			buildActionMask = 2147483647;
			files = (
			);
			runOnlyForDeploymentPostprocessing = 0;
		};
		7F8FD15A1FC5CA17001F2451 /* Frameworks */ = {
			isa = PBXFrameworksBuildPhase;
			buildActionMask = 2147483647;
			files = (
			);
			runOnlyForDeploymentPostprocessing = 0;
		};
		7F8FD1651FC5CA17001F2451 /* Frameworks */ = {
			isa = PBXFrameworksBuildPhase;
			buildActionMask = 2147483647;
			files = (
			);
			runOnlyForDeploymentPostprocessing = 0;
		};
/* End PBXFrameworksBuildPhase section */

/* Begin PBXGroup section */
		7F8FD1401FC5CA17001F2451 = {
			isa = PBXGroup;
			children = (
				7F8FD14B1FC5CA17001F2451 /* BachToBack */,
				7F8FD1601FC5CA17001F2451 /* BachToBackTests */,
				7F8FD16B1FC5CA17001F2451 /* BachToBackUITests */,
				7F8FD14A1FC5CA17001F2451 /* Products */,
			);
			sourceTree = "<group>";
		};
		7F8FD14A1FC5CA17001F2451 /* Products */ = {
			isa = PBXGroup;
			children = (
				7F8FD1491FC5CA17001F2451 /* BachToBack.app */,
				7F8FD15D1FC5CA17001F2451 /* BachToBackTests.xctest */,
				7F8FD1681FC5CA17001F2451 /* BachToBackUITests.xctest */,
			);
			name = Products;
			sourceTree = "<group>";
		};
		7F8FD14B1FC5CA17001F2451 /* BachToBack */ = {
			isa = PBXGroup;
			children = (
				7F8FD14C1FC5CA17001F2451 /* AppDelegate.swift */,
				7F8FD14E1FC5CA17001F2451 /* ViewController.swift */,
				7F8FD1501FC5CA17001F2451 /* Main.storyboard */,
				7F8FD1531FC5CA17001F2451 /* Assets.xcassets */,
				7FB74C551FCF6A0200319B95 /* fugue.mp3 */,
				7FB74C571FCF6A0800319B95 /* flight.mp3 */,
				7FB74C591FCF6A0E00319B95 /* elise.mp3 */,
				7F8FD1551FC5CA17001F2451 /* LaunchScreen.storyboard */,
				7F8FD1581FC5CA17001F2451 /* Info.plist */,
				7F8FD17E1FC5D549001F2451 /* Song.swift */,
				7FB74C491FCF590600319B95 /* SongTableViewController.swift */,
				7FB74C4B1FCF591800319B95 /* SongTableViewCell.swift */,
			);
			path = BachToBack;
			sourceTree = "<group>";
		};
		7F8FD1601FC5CA17001F2451 /* BachToBackTests */ = {
			isa = PBXGroup;
			children = (
				7F8FD1611FC5CA17001F2451 /* BachToBackTests.swift */,
				7F8FD1631FC5CA17001F2451 /* Info.plist */,
			);
			path = BachToBackTests;
			sourceTree = "<group>";
		};
		7F8FD16B1FC5CA17001F2451 /* BachToBackUITests */ = {
			isa = PBXGroup;
			children = (
				7F8FD16C1FC5CA17001F2451 /* BachToBackUITests.swift */,
				7F8FD16E1FC5CA17001F2451 /* Info.plist */,
			);
			path = BachToBackUITests;
			sourceTree = "<group>";
		};
/* End PBXGroup section */

/* Begin PBXNativeTarget section */
		7F8FD1481FC5CA17001F2451 /* BachToBack */ = {
			isa = PBXNativeTarget;
			buildConfigurationList = 7F8FD1711FC5CA17001F2451 /* Build configuration list for PBXNativeTarget "BachToBack" */;
			buildPhases = (
				7F8FD1451FC5CA17001F2451 /* Sources */,
				7F8FD1461FC5CA17001F2451 /* Frameworks */,
				7F8FD1471FC5CA17001F2451 /* Resources */,
			);
			buildRules = (
			);
			dependencies = (
			);
			name = BachToBack;
			productName = BachToBack;
			productReference = 7F8FD1491FC5CA17001F2451 /* BachToBack.app */;
			productType = "com.apple.product-type.application";
		};
		7F8FD15C1FC5CA17001F2451 /* BachToBackTests */ = {
			isa = PBXNativeTarget;
			buildConfigurationList = 7F8FD1741FC5CA17001F2451 /* Build configuration list for PBXNativeTarget "BachToBackTests" */;
			buildPhases = (
				7F8FD1591FC5CA17001F2451 /* Sources */,
				7F8FD15A1FC5CA17001F2451 /* Frameworks */,
				7F8FD15B1FC5CA17001F2451 /* Resources */,
			);
			buildRules = (
			);
			dependencies = (
				7F8FD15F1FC5CA17001F2451 /* PBXTargetDependency */,
			);
			name = BachToBackTests;
			productName = BachToBackTests;
			productReference = 7F8FD15D1FC5CA17001F2451 /* BachToBackTests.xctest */;
			productType = "com.apple.product-type.bundle.unit-test";
		};
		7F8FD1671FC5CA17001F2451 /* BachToBackUITests */ = {
			isa = PBXNativeTarget;
			buildConfigurationList = 7F8FD1771FC5CA17001F2451 /* Build configuration list for PBXNativeTarget "BachToBackUITests" */;
			buildPhases = (
				7F8FD1641FC5CA17001F2451 /* Sources */,
				7F8FD1651FC5CA17001F2451 /* Frameworks */,
				7F8FD1661FC5CA17001F2451 /* Resources */,
			);
			buildRules = (
			);
			dependencies = (
				7F8FD16A1FC5CA17001F2451 /* PBXTargetDependency */,
			);
			name = BachToBackUITests;
			productName = BachToBackUITests;
			productReference = 7F8FD1681FC5CA17001F2451 /* BachToBackUITests.xctest */;
			productType = "com.apple.product-type.bundle.ui-testing";
		};
/* End PBXNativeTarget section */

/* Begin PBXProject section */
		7F8FD1411FC5CA17001F2451 /* Project object */ = {
			isa = PBXProject;
			attributes = {
				LastSwiftUpdateCheck = 0830;
				LastUpgradeCheck = 0830;
				ORGANIZATIONNAME = "Alumno ITESM Toluca";
				TargetAttributes = {
					7F8FD1481FC5CA17001F2451 = {
						CreatedOnToolsVersion = 8.3.3;
						ProvisioningStyle = Automatic;
					};
					7F8FD15C1FC5CA17001F2451 = {
						CreatedOnToolsVersion = 8.3.3;
						ProvisioningStyle = Automatic;
						TestTargetID = 7F8FD1481FC5CA17001F2451;
					};
					7F8FD1671FC5CA17001F2451 = {
						CreatedOnToolsVersion = 8.3.3;
						ProvisioningStyle = Automatic;
						TestTargetID = 7F8FD1481FC5CA17001F2451;
					};
				};
			};
			buildConfigurationList = 7F8FD1441FC5CA17001F2451 /* Build configuration list for PBXProject "BachToBack" */;
			compatibilityVersion = "Xcode 3.2";
			developmentRegion = English;
			hasScannedForEncodings = 0;
			knownRegions = (
				en,
				Base,
			);
			mainGroup = 7F8FD1401FC5CA17001F2451;
			productRefGroup = 7F8FD14A1FC5CA17001F2451 /* Products */;
			projectDirPath = "";
			projectRoot = "";
			targets = (
				7F8FD1481FC5CA17001F2451 /* BachToBack */,
				7F8FD15C1FC5CA17001F2451 /* BachToBackTests */,
				7F8FD1671FC5CA17001F2451 /* BachToBackUITests */,
			);
		};
/* End PBXProject section */

/* Begin PBXResourcesBuildPhase section */
		7F8FD1471FC5CA17001F2451 /* Resources */ = {
			isa = PBXResourcesBuildPhase;
			buildActionMask = 2147483647;
			files = (
				7F8FD1571FC5CA17001F2451 /* LaunchScreen.storyboard in Resources */,
				7FB74C581FCF6A0800319B95 /* flight.mp3 in Resources */,
				7F8FD1541FC5CA17001F2451 /* Assets.xcassets in Resources */,
				7F8FD1521FC5CA17001F2451 /* Main.storyboard in Resources */,
				7FB74C561FCF6A0200319B95 /* fugue.mp3 in Resources */,
				7FB74C5A1FCF6A0E00319B95 /* elise.mp3 in Resources */,
			);
			runOnlyForDeploymentPostprocessing = 0;
		};
		7F8FD15B1FC5CA17001F2451 /* Resources */ = {
			isa = PBXResourcesBuildPhase;
			buildActionMask = 2147483647;
			files = (
			);
			runOnlyForDeploymentPostprocessing = 0;
		};
		7F8FD1661FC5CA17001F2451 /* Resources */ = {
			isa = PBXResourcesBuildPhase;
			buildActionMask = 2147483647;
			files = (
			);
			runOnlyForDeploymentPostprocessing = 0;
		};
/* End PBXResourcesBuildPhase section */

/* Begin PBXSourcesBuildPhase section */
		7F8FD1451FC5CA17001F2451 /* Sources */ = {
			isa = PBXSourcesBuildPhase;
			buildActionMask = 2147483647;
			files = (
				7F8FD17F1FC5D549001F2451 /* Song.swift in Sources */,
				7F8FD14F1FC5CA17001F2451 /* ViewController.swift in Sources */,
				7FB74C4C1FCF591800319B95 /* SongTableViewCell.swift in Sources */,
				7FB74C4A1FCF590600319B95 /* SongTableViewController.swift in Sources */,
				7F8FD14D1FC5CA17001F2451 /* AppDelegate.swift in Sources */,
			);
			runOnlyForDeploymentPostprocessing = 0;
		};
		7F8FD1591FC5CA17001F2451 /* Sources */ = {
			isa = PBXSourcesBuildPhase;
			buildActionMask = 2147483647;
			files = (
				7F8FD1621FC5CA17001F2451 /* BachToBackTests.swift in Sources */,
			);
			runOnlyForDeploymentPostprocessing = 0;
		};
		7F8FD1641FC5CA17001F2451 /* Sources */ = {
			isa = PBXSourcesBuildPhase;
			buildActionMask = 2147483647;
			files = (
				7F8FD16D1FC5CA17001F2451 /* BachToBackUITests.swift in Sources */,
			);
			runOnlyForDeploymentPostprocessing = 0;
		};
/* End PBXSourcesBuildPhase section */

/* Begin PBXTargetDependency section */
		7F8FD15F1FC5CA17001F2451 /* PBXTargetDependency */ = {
			isa = PBXTargetDependency;
			target = 7F8FD1481FC5CA17001F2451 /* BachToBack */;
			targetProxy = 7F8FD15E1FC5CA17001F2451 /* PBXContainerItemProxy */;
		};
		7F8FD16A1FC5CA17001F2451 /* PBXTargetDependency */ = {
			isa = PBXTargetDependency;
			target = 7F8FD1481FC5CA17001F2451 /* BachToBack */;
			targetProxy = 7F8FD1691FC5CA17001F2451 /* PBXContainerItemProxy */;
		};
/* End PBXTargetDependency section */

/* Begin PBXVariantGroup section */
		7F8FD1501FC5CA17001F2451 /* Main.storyboard */ = {
			isa = PBXVariantGroup;
			children = (
				7F8FD1511FC5CA17001F2451 /* Base */,
			);
			name = Main.storyboard;
			sourceTree = "<group>";
		};
		7F8FD1551FC5CA17001F2451 /* LaunchScreen.storyboard */ = {
			isa = PBXVariantGroup;
			children = (
				7F8FD1561FC5CA17001F2451 /* Base */,
			);
			name = LaunchScreen.storyboard;
			sourceTree = "<group>";
		};
/* End PBXVariantGroup section */

/* Begin XCBuildConfiguration section */
		7F8FD16F1FC5CA17001F2451 /* Debug */ = {
			isa = XCBuildConfiguration;
			buildSettings = {
				ALWAYS_SEARCH_USER_PATHS = NO;
				CLANG_ANALYZER_NONNULL = YES;
				CLANG_ANALYZER_NUMBER_OBJECT_CONVERSION = YES_AGGRESSIVE;
				CLANG_CXX_LANGUAGE_STANDARD = "gnu++0x";
				CLANG_CXX_LIBRARY = "libc++";
				CLANG_ENABLE_MODULES = YES;
				CLANG_ENABLE_OBJC_ARC = YES;
				CLANG_WARN_BOOL_CONVERSION = YES;
				CLANG_WARN_CONSTANT_CONVERSION = YES;
				CLANG_WARN_DIRECT_OBJC_ISA_USAGE = YES_ERROR;
				CLANG_WARN_DOCUMENTATION_COMMENTS = YES;
				CLANG_WARN_EMPTY_BODY = YES;
				CLANG_WARN_ENUM_CONVERSION = YES;
				CLANG_WARN_INFINITE_RECURSION = YES;
				CLANG_WARN_INT_CONVERSION = YES;
				CLANG_WARN_OBJC_ROOT_CLASS = YES_ERROR;
				CLANG_WARN_SUSPICIOUS_MOVE = YES;
				CLANG_WARN_UNREACHABLE_CODE = YES;
				CLANG_WARN__DUPLICATE_METHOD_MATCH = YES;
				"CODE_SIGN_IDENTITY[sdk=iphoneos*]" = "iPhone Developer";
				COPY_PHASE_STRIP = NO;
				DEBUG_INFORMATION_FORMAT = dwarf;
				ENABLE_STRICT_OBJC_MSGSEND = YES;
				ENABLE_TESTABILITY = YES;
				GCC_C_LANGUAGE_STANDARD = gnu99;
				GCC_DYNAMIC_NO_PIC = NO;
				GCC_NO_COMMON_BLOCKS = YES;
				GCC_OPTIMIZATION_LEVEL = 0;
				GCC_PREPROCESSOR_DEFINITIONS = (
					"DEBUG=1",
					"$(inherited)",
				);
				GCC_WARN_64_TO_32_BIT_CONVERSION = YES;
				GCC_WARN_ABOUT_RETURN_TYPE = YES_ERROR;
				GCC_WARN_UNDECLARED_SELECTOR = YES;
				GCC_WARN_UNINITIALIZED_AUTOS = YES_AGGRESSIVE;
				GCC_WARN_UNUSED_FUNCTION = YES;
				GCC_WARN_UNUSED_VARIABLE = YES;
				IPHONEOS_DEPLOYMENT_TARGET = 10.3;
				MTL_ENABLE_DEBUG_INFO = YES;
				ONLY_ACTIVE_ARCH = YES;
				SDKROOT = iphoneos;
				SWIFT_ACTIVE_COMPILATION_CONDITIONS = DEBUG;
				SWIFT_OPTIMIZATION_LEVEL = "-Onone";
				TARGETED_DEVICE_FAMILY = "1,2";
			};
			name = Debug;
		};
		7F8FD1701FC5CA17001F2451 /* Release */ = {
			isa = XCBuildConfiguration;
			buildSettings = {
				ALWAYS_SEARCH_USER_PATHS = NO;
				CLANG_ANALYZER_NONNULL = YES;
				CLANG_ANALYZER_NUMBER_OBJECT_CONVERSION = YES_AGGRESSIVE;
				CLANG_CXX_LANGUAGE_STANDARD = "gnu++0x";
				CLANG_CXX_LIBRARY = "libc++";
				CLANG_ENABLE_MODULES = YES;
				CLANG_ENABLE_OBJC_ARC = YES;
				CLANG_WARN_BOOL_CONVERSION = YES;
				CLANG_WARN_CONSTANT_CONVERSION = YES;
				CLANG_WARN_DIRECT_OBJC_ISA_USAGE = YES_ERROR;
				CLANG_WARN_DOCUMENTATION_COMMENTS = YES;
				CLANG_WARN_EMPTY_BODY = YES;
				CLANG_WARN_ENUM_CONVERSION = YES;
				CLANG_WARN_INFINITE_RECURSION = YES;
				CLANG_WARN_INT_CONVERSION = YES;
				CLANG_WARN_OBJC_ROOT_CLASS = YES_ERROR;
				CLANG_WARN_SUSPICIOUS_MOVE = YES;
				CLANG_WARN_UNREACHABLE_CODE = YES;
				CLANG_WARN__DUPLICATE_METHOD_MATCH = YES;
				"CODE_SIGN_IDENTITY[sdk=iphoneos*]" = "iPhone Developer";
				COPY_PHASE_STRIP = NO;
				DEBUG_INFORMATION_FORMAT = "dwarf-with-dsym";
				ENABLE_NS_ASSERTIONS = NO;
				ENABLE_STRICT_OBJC_MSGSEND = YES;
				GCC_C_LANGUAGE_STANDARD = gnu99;
				GCC_NO_COMMON_BLOCKS = YES;
				GCC_WARN_64_TO_32_BIT_CONVERSION = YES;
				GCC_WARN_ABOUT_RETURN_TYPE = YES_ERROR;
				GCC_WARN_UNDECLARED_SELECTOR = YES;
				GCC_WARN_UNINITIALIZED_AUTOS = YES_AGGRESSIVE;
				GCC_WARN_UNUSED_FUNCTION = YES;
				GCC_WARN_UNUSED_VARIABLE = YES;
				IPHONEOS_DEPLOYMENT_TARGET = 10.3;
				MTL_ENABLE_DEBUG_INFO = NO;
				SDKROOT = iphoneos;
				SWIFT_OPTIMIZATION_LEVEL = "-Owholemodule";
				TARGETED_DEVICE_FAMILY = "1,2";
				VALIDATE_PRODUCT = YES;
			};
			name = Release;
		};
		7F8FD1721FC5CA17001F2451 /* Debug */ = {
			isa = XCBuildConfiguration;
			buildSettings = {
				ASSETCATALOG_COMPILER_APPICON_NAME = AppIcon;
				INFOPLIST_FILE = BachToBack/Info.plist;
				LD_RUNPATH_SEARCH_PATHS = "$(inherited) @executable_path/Frameworks";
				PRODUCT_BUNDLE_IDENTIFIER = tec.itesm.tol.BachToBack;
				PRODUCT_NAME = "$(TARGET_NAME)";
				SWIFT_VERSION = 3.0;
			};
			name = Debug;
		};
		7F8FD1731FC5CA17001F2451 /* Release */ = {
			isa = XCBuildConfiguration;
			buildSettings = {
				ASSETCATALOG_COMPILER_APPICON_NAME = AppIcon;
				INFOPLIST_FILE = BachToBack/Info.plist;
				LD_RUNPATH_SEARCH_PATHS = "$(inherited) @executable_path/Frameworks";
				PRODUCT_BUNDLE_IDENTIFIER = tec.itesm.tol.BachToBack;
				PRODUCT_NAME = "$(TARGET_NAME)";
				SWIFT_VERSION = 3.0;
			};
			name = Release;
		};
		7F8FD1751FC5CA17001F2451 /* Debug */ = {
			isa = XCBuildConfiguration;
			buildSettings = {
				ALWAYS_EMBED_SWIFT_STANDARD_LIBRARIES = YES;
				BUNDLE_LOADER = "$(TEST_HOST)";
				INFOPLIST_FILE = BachToBackTests/Info.plist;
				LD_RUNPATH_SEARCH_PATHS = "$(inherited) @executable_path/Frameworks @loader_path/Frameworks";
				PRODUCT_BUNDLE_IDENTIFIER = tec.itesm.tol.BachToBackTests;
				PRODUCT_NAME = "$(TARGET_NAME)";
				SWIFT_VERSION = 3.0;
				TEST_HOST = "$(BUILT_PRODUCTS_DIR)/BachToBack.app/BachToBack";
			};
			name = Debug;
		};
		7F8FD1761FC5CA17001F2451 /* Release */ = {
			isa = XCBuildConfiguration;
			buildSettings = {
				ALWAYS_EMBED_SWIFT_STANDARD_LIBRARIES = YES;
				BUNDLE_LOADER = "$(TEST_HOST)";
				INFOPLIST_FILE = BachToBackTests/Info.plist;
				LD_RUNPATH_SEARCH_PATHS = "$(inherited) @executable_path/Frameworks @loader_path/Frameworks";
				PRODUCT_BUNDLE_IDENTIFIER = tec.itesm.tol.BachToBackTests;
				PRODUCT_NAME = "$(TARGET_NAME)";
				SWIFT_VERSION = 3.0;
				TEST_HOST = "$(BUILT_PRODUCTS_DIR)/BachToBack.app/BachToBack";
			};
			name = Release;
		};
		7F8FD1781FC5CA17001F2451 /* Debug */ = {
			isa = XCBuildConfiguration;
			buildSettings = {
				ALWAYS_EMBED_SWIFT_STANDARD_LIBRARIES = YES;
				INFOPLIST_FILE = BachToBackUITests/Info.plist;
				LD_RUNPATH_SEARCH_PATHS = "$(inherited) @executable_path/Frameworks @loader_path/Frameworks";
				PRODUCT_BUNDLE_IDENTIFIER = tec.itesm.tol.BachToBackUITests;
				PRODUCT_NAME = "$(TARGET_NAME)";
				SWIFT_VERSION = 3.0;
				TEST_TARGET_NAME = BachToBack;
			};
			name = Debug;
		};
		7F8FD1791FC5CA17001F2451 /* Release */ = {
			isa = XCBuildConfiguration;
			buildSettings = {
				ALWAYS_EMBED_SWIFT_STANDARD_LIBRARIES = YES;
				INFOPLIST_FILE = BachToBackUITests/Info.plist;
				LD_RUNPATH_SEARCH_PATHS = "$(inherited) @executable_path/Frameworks @loader_path/Frameworks";
				PRODUCT_BUNDLE_IDENTIFIER = tec.itesm.tol.BachToBackUITests;
				PRODUCT_NAME = "$(TARGET_NAME)";
				SWIFT_VERSION = 3.0;
				TEST_TARGET_NAME = BachToBack;
			};
			name = Release;
		};
/* End XCBuildConfiguration section */

/* Begin XCConfigurationList section */
		7F8FD1441FC5CA17001F2451 /* Build configuration list for PBXProject "BachToBack" */ = {
			isa = XCConfigurationList;
			buildConfigurations = (
				7F8FD16F1FC5CA17001F2451 /* Debug */,
				7F8FD1701FC5CA17001F2451 /* Release */,
			);
			defaultConfigurationIsVisible = 0;
			defaultConfigurationName = Release;
		};
		7F8FD1711FC5CA17001F2451 /* Build configuration list for PBXNativeTarget "BachToBack" */ = {
			isa = XCConfigurationList;
			buildConfigurations = (
				7F8FD1721FC5CA17001F2451 /* Debug */,
				7F8FD1731FC5CA17001F2451 /* Release */,
			);
			defaultConfigurationIsVisible = 0;
			defaultConfigurationName = Release;
		};
		7F8FD1741FC5CA17001F2451 /* Build configuration list for PBXNativeTarget "BachToBackTests" */ = {
			isa = XCConfigurationList;
			buildConfigurations = (
				7F8FD1751FC5CA17001F2451 /* Debug */,
				7F8FD1761FC5CA17001F2451 /* Release */,
			);
			defaultConfigurationIsVisible = 0;
			defaultConfigurationName = Release;
		};
		7F8FD1771FC5CA17001F2451 /* Build configuration list for PBXNativeTarget "BachToBackUITests" */ = {
			isa = XCConfigurationList;
			buildConfigurations = (
				7F8FD1781FC5CA17001F2451 /* Debug */,
				7F8FD1791FC5CA17001F2451 /* Release */,
			);
			defaultConfigurationIsVisible = 0;
			defaultConfigurationName = Release;
		};
/* End XCConfigurationList section */
	};
	rootObject = 7F8FD1411FC5CA17001F2451 /* Project object */;
}
